
Microsoft Visual Studio Solution File, Format Version 12.00
# Visual Studio 15
VisualStudioVersion = 15.0.27004.2010
MinimumVisualStudioVersion = 10.0.40219.1
Project("{FAE04EC0-301F-11D3-BF4B-00C04F79EFBC}") = "DataLayer", "DataLayer\DataLayer.csproj", "{9E09687C-0DF6-40B1-BFCD-7DDF751006B3}"
EndProject
Project("{FAE04EC0-301F-11D3-BF4B-00C04F79EFBC}") = "Repository", "LogicLayer\Repository.csproj", "{944ED985-21A3-4A98-96CB-6D272F4DC13E}"
EndProject
Project("{FAE04EC0-301F-11D3-BF4B-00C04F79EFBC}") = "AdmintoolUI", "PresentationLayer\AdmintoolUI.csproj", "{01402DA2-6C3B-44C5-B42C-B9C63F0AC66E}"
EndProject
Project("{FAE04EC0-301F-11D3-BF4B-00C04F79EFBC}") = "CinemaApplication", "CinemaApplication\CinemaApplication.csproj", "{1F86E95A-C7BC-47CC-B7CE-B5776C919480}"
EndProject
Project("{FAE04EC0-301F-11D3-BF4B-00C04F79EFBC}") = "Models", "Models\Models.csproj", "{23A745C5-1146-4094-BB8A-B9D0490F2832}"
EndProject
Project("{FAE04EC0-301F-11D3-BF4B-00C04F79EFBC}") = "ImageConverter", "ImageConverter\ImageConverter.csproj", "{2E427809-7611-439D-8E91-50FD6E57937B}"
EndProject
Global
	GlobalSection(SolutionConfigurationPlatforms) = preSolution
		Debug|Any CPU = Debug|Any CPU
		Release|Any CPU = Release|Any CPU
	EndGlobalSection
	GlobalSection(ProjectConfigurationPlatforms) = postSolution
		{9E09687C-0DF6-40B1-BFCD-7DDF751006B3}.Debug|Any CPU.ActiveCfg = Debug|Any CPU
		{9E09687C-0DF6-40B1-BFCD-7DDF751006B3}.Debug|Any CPU.Build.0 = Debug|Any CPU
		{9E09687C-0DF6-40B1-BFCD-7DDF751006B3}.Release|Any CPU.ActiveCfg = Release|Any CPU
		{9E09687C-0DF6-40B1-BFCD-7DDF751006B3}.Release|Any CPU.Build.0 = Release|Any CPU
		{944ED985-21A3-4A98-96CB-6D272F4DC13E}.Debug|Any CPU.ActiveCfg = Debug|Any CPU
		{944ED985-21A3-4A98-96CB-6D272F4DC13E}.Debug|Any CPU.Build.0 = Debug|Any CPU
		{944ED985-21A3-4A98-96CB-6D272F4DC13E}.Release|Any CPU.ActiveCfg = Release|Any CPU
		{944ED985-21A3-4A98-96CB-6D272F4DC13E}.Release|Any CPU.Build.0 = Release|Any CPU
		{01402DA2-6C3B-44C5-B42C-B9C63F0AC66E}.Debug|Any CPU.ActiveCfg = Debug|Any CPU
		{01402DA2-6C3B-44C5-B42C-B9C63F0AC66E}.Debug|Any CPU.Build.0 = Debug|Any CPU
		{01402DA2-6C3B-44C5-B42C-B9C63F0AC66E}.Release|Any CPU.ActiveCfg = Release|Any CPU
		{01402DA2-6C3B-44C5-B42C-B9C63F0AC66E}.Release|Any CPU.Build.0 = Release|Any CPU
		{1F86E95A-C7BC-47CC-B7CE-B5776C919480}.Debug|Any CPU.ActiveCfg = Debug|Any CPU
		{1F86E95A-C7BC-47CC-B7CE-B5776C919480}.Debug|Any CPU.Build.0 = Debug|Any CPU
		{1F86E95A-C7BC-47CC-B7CE-B5776C919480}.Release|Any CPU.ActiveCfg = Release|Any CPU
		{1F86E95A-C7BC-47CC-B7CE-B5776C919480}.Release|Any CPU.Build.0 = Release|Any CPU
		{23A745C5-1146-4094-BB8A-B9D0490F2832}.Debug|Any CPU.ActiveCfg = Debug|Any CPU
		{23A745C5-1146-4094-BB8A-B9D0490F2832}.Debug|Any CPU.Build.0 = Debug|Any CPU
		{23A745C5-1146-4094-BB8A-B9D0490F2832}.Release|Any CPU.ActiveCfg = Release|Any CPU
		{23A745C5-1146-4094-BB8A-B9D0490F2832}.Release|Any CPU.Build.0 = Release|Any CPU
		{2E427809-7611-439D-8E91-50FD6E57937B}.Debug|Any CPU.ActiveCfg = Debug|Any CPU
		{2E427809-7611-439D-8E91-50FD6E57937B}.Debug|Any CPU.Build.0 = Debug|Any CPU
		{2E427809-7611-439D-8E91-50FD6E57937B}.Release|Any CPU.ActiveCfg = Release|Any CPU
		{2E427809-7611-439D-8E91-50FD6E57937B}.Release|Any CPU.Build.0 = Release|Any CPU
	EndGlobalSection
	GlobalSection(SolutionProperties) = preSolution
		HideSolutionNode = FALSE
	EndGlobalSection
	GlobalSection(ExtensibilityGlobals) = postSolution
		SolutionGuid = {481E260C-4C50-4B80-87AE-0B89671EDE60}
	EndGlobalSection
EndGlobal
